
Microsoft Visual Studio Solution File, Format Version 12.00
# Visual Studio 15
VisualStudioVersion = 15.0.26730.8
MinimumVisualStudioVersion = 10.0.40219.1
Project("{FAE04EC0-301F-11D3-BF4B-00C04F79EFBC}") = "PapaBobsPizza.Presentation", "PapaBobsPizza\PapaBobsPizza.Presentation.csproj", "{D2AFBA5C-6DCF-48F3-981F-B5C9D9DECCC8}"
EndProject
Project("{FAE04EC0-301F-11D3-BF4B-00C04F79EFBC}") = "PapaBobsPizza.Domain", "PapaBobsPizza.Domain\PapaBobsPizza.Domain.csproj", "{A168E3E3-985D-4A16-BB12-22CC1B103CA2}"
EndProject
Project("{FAE04EC0-301F-11D3-BF4B-00C04F79EFBC}") = "PapaBobsPizza.Persistence", "PapaBobsPizza.Persistence\PapaBobsPizza.Persistence.csproj", "{8494C123-F7D3-498B-AECA-75F510812883}"
EndProject
Project("{FAE04EC0-301F-11D3-BF4B-00C04F79EFBC}") = "PapaBobsPizza.DTO", "PapaBobsPizza.DTO\PapaBobsPizza.DTO.csproj", "{D98A0DE4-EFCB-4BBF-849A-C985443FED1D}"
EndProject
Global
	GlobalSection(SolutionConfigurationPlatforms) = preSolution
		Debug|Any CPU = Debug|Any CPU
		Release|Any CPU = Release|Any CPU
	EndGlobalSection
	GlobalSection(ProjectConfigurationPlatforms) = postSolution
		{D2AFBA5C-6DCF-48F3-981F-B5C9D9DECCC8}.Debug|Any CPU.ActiveCfg = Debug|Any CPU
		{D2AFBA5C-6DCF-48F3-981F-B5C9D9DECCC8}.Debug|Any CPU.Build.0 = Debug|Any CPU
		{D2AFBA5C-6DCF-48F3-981F-B5C9D9DECCC8}.Release|Any CPU.ActiveCfg = Release|Any CPU
		{D2AFBA5C-6DCF-48F3-981F-B5C9D9DECCC8}.Release|Any CPU.Build.0 = Release|Any CPU
		{A168E3E3-985D-4A16-BB12-22CC1B103CA2}.Debug|Any CPU.ActiveCfg = Debug|Any CPU
		{A168E3E3-985D-4A16-BB12-22CC1B103CA2}.Debug|Any CPU.Build.0 = Debug|Any CPU
		{A168E3E3-985D-4A16-BB12-22CC1B103CA2}.Release|Any CPU.ActiveCfg = Release|Any CPU
		{A168E3E3-985D-4A16-BB12-22CC1B103CA2}.Release|Any CPU.Build.0 = Release|Any CPU
		{8494C123-F7D3-498B-AECA-75F510812883}.Debug|Any CPU.ActiveCfg = Debug|Any CPU
		{8494C123-F7D3-498B-AECA-75F510812883}.Debug|Any CPU.Build.0 = Debug|Any CPU
		{8494C123-F7D3-498B-AECA-75F510812883}.Release|Any CPU.ActiveCfg = Release|Any CPU
		{8494C123-F7D3-498B-AECA-75F510812883}.Release|Any CPU.Build.0 = Release|Any CPU
		{D98A0DE4-EFCB-4BBF-849A-C985443FED1D}.Debug|Any CPU.ActiveCfg = Debug|Any CPU
		{D98A0DE4-EFCB-4BBF-849A-C985443FED1D}.Debug|Any CPU.Build.0 = Debug|Any CPU
		{D98A0DE4-EFCB-4BBF-849A-C985443FED1D}.Release|Any CPU.ActiveCfg = Release|Any CPU
		{D98A0DE4-EFCB-4BBF-849A-C985443FED1D}.Release|Any CPU.Build.0 = Release|Any CPU
	EndGlobalSection
	GlobalSection(SolutionProperties) = preSolution
		HideSolutionNode = FALSE
	EndGlobalSection
	GlobalSection(ExtensibilityGlobals) = postSolution
		SolutionGuid = {62C1952D-315A-4424-BF28-CAEDE789CA07}
	EndGlobalSection
EndGlobal
